
Microsoft Visual Studio Solution File, Format Version 12.00
# Visual Studio Version 16
VisualStudioVersion = 16.0.31424.327
MinimumVisualStudioVersion = 10.0.40219.1
Project("{FAE04EC0-301F-11D3-BF4B-00C04F79EFBC}") = "Plugins", "Plugins\Plugins.csproj", "{0BFB364D-41A8-483F-A3B6-CAF96A838CFB}"
EndProject
Project("{FAE04EC0-301F-11D3-BF4B-00C04F79EFBC}") = "JavaScript", "JavaScript\JavaScript.csproj", "{6144A0B8-718B-462B-BEFB-127D537BC854}"
EndProject
Global
	GlobalSection(SolutionConfigurationPlatforms) = preSolution
		Debug|Any CPU = Debug|Any CPU
		Release|Any CPU = Release|Any CPU
	EndGlobalSection
	GlobalSection(ProjectConfigurationPlatforms) = postSolution
		{0BFB364D-41A8-483F-A3B6-CAF96A838CFB}.Debug|Any CPU.ActiveCfg = Debug|Any CPU
		{0BFB364D-41A8-483F-A3B6-CAF96A838CFB}.Debug|Any CPU.Build.0 = Debug|Any CPU
		{0BFB364D-41A8-483F-A3B6-CAF96A838CFB}.Release|Any CPU.ActiveCfg = Release|Any CPU
		{0BFB364D-41A8-483F-A3B6-CAF96A838CFB}.Release|Any CPU.Build.0 = Release|Any CPU
		{6144A0B8-718B-462B-BEFB-127D537BC854}.Debug|Any CPU.ActiveCfg = Debug|Any CPU
		{6144A0B8-718B-462B-BEFB-127D537BC854}.Debug|Any CPU.Build.0 = Debug|Any CPU
		{6144A0B8-718B-462B-BEFB-127D537BC854}.Release|Any CPU.ActiveCfg = Release|Any CPU
		{6144A0B8-718B-462B-BEFB-127D537BC854}.Release|Any CPU.Build.0 = Release|Any CPU
	EndGlobalSection
	GlobalSection(SolutionProperties) = preSolution
		HideSolutionNode = FALSE
	EndGlobalSection
	GlobalSection(ExtensibilityGlobals) = postSolution
		SolutionGuid = {CD792BEB-21E9-44F1-B01E-4B4A9BDBAC98}
	EndGlobalSection
EndGlobal
